
Microsoft Visual Studio Solution File, Format Version 12.00
# Visual Studio Version 16
VisualStudioVersion = 16.0.30717.126
MinimumVisualStudioVersion = 10.0.40219.1
Project("{9A19103F-16F7-4668-BE54-9A1E7A4F7556}") = "Altinn.ApiClients.Maskinporten", "Altinn.ApiClients.Maskinporten.csproj", "{160B361A-34E9-4B47-89BF-31641864FDD6}"
EndProject
Project("{FAE04EC0-301F-11D3-BF4B-00C04F79EFBC}") = "SampleWebApp", "..\..\samples\SampleWebApp\SampleWebApp.csproj", "{DF814DED-CEE7-4F26-9ABB-EF26AD84E400}"
EndProject
Global
	GlobalSection(SolutionConfigurationPlatforms) = preSolution
		Debug|Any CPU = Debug|Any CPU
		Release|Any CPU = Release|Any CPU
	EndGlobalSection
	GlobalSection(ProjectConfigurationPlatforms) = postSolution
		{160B361A-34E9-4B47-89BF-31641864FDD6}.Debug|Any CPU.ActiveCfg = Debug|Any CPU
		{160B361A-34E9-4B47-89BF-31641864FDD6}.Debug|Any CPU.Build.0 = Debug|Any CPU
		{160B361A-34E9-4B47-89BF-31641864FDD6}.Release|Any CPU.ActiveCfg = Release|Any CPU
		{160B361A-34E9-4B47-89BF-31641864FDD6}.Release|Any CPU.Build.0 = Release|Any CPU
		{DF814DED-CEE7-4F26-9ABB-EF26AD84E400}.Debug|Any CPU.ActiveCfg = Debug|Any CPU
		{DF814DED-CEE7-4F26-9ABB-EF26AD84E400}.Debug|Any CPU.Build.0 = Debug|Any CPU
		{DF814DED-CEE7-4F26-9ABB-EF26AD84E400}.Release|Any CPU.ActiveCfg = Release|Any CPU
		{DF814DED-CEE7-4F26-9ABB-EF26AD84E400}.Release|Any CPU.Build.0 = Release|Any CPU
	EndGlobalSection
	GlobalSection(SolutionProperties) = preSolution
		HideSolutionNode = FALSE
	EndGlobalSection
	GlobalSection(ExtensibilityGlobals) = postSolution
		SolutionGuid = {ED27A711-651F-44EF-BBE5-6F75BA073E31}
	EndGlobalSection
EndGlobal
